
Microsoft Visual Studio Solution File, Format Version 12.00
# Visual Studio Version 17
VisualStudioVersion = 17.10.35013.160
MinimumVisualStudioVersion = 10.0.40219.1
Project("{FAE04EC0-301F-11D3-BF4B-00C04F79EFBC}") = "tdd_challenge.App", "src\tdd_challenge\tdd_challenge.App.csproj", "{375B0B04-8101-4169-A4CF-DDB9D5EC352D}"
EndProject
Project("{FAE04EC0-301F-11D3-BF4B-00C04F79EFBC}") = "tdd_challenge.Testes", "test\Testes\tdd_challenge.Testes.csproj", "{4A00828A-2A81-42FA-BA79-E5B07C92C092}"
EndProject
Global
	GlobalSection(SolutionConfigurationPlatforms) = preSolution
		Debug|Any CPU = Debug|Any CPU
		Release|Any CPU = Release|Any CPU
	EndGlobalSection
	GlobalSection(ProjectConfigurationPlatforms) = postSolution
		{375B0B04-8101-4169-A4CF-DDB9D5EC352D}.Debug|Any CPU.ActiveCfg = Debug|Any CPU
		{375B0B04-8101-4169-A4CF-DDB9D5EC352D}.Debug|Any CPU.Build.0 = Debug|Any CPU
		{375B0B04-8101-4169-A4CF-DDB9D5EC352D}.Release|Any CPU.ActiveCfg = Release|Any CPU
		{375B0B04-8101-4169-A4CF-DDB9D5EC352D}.Release|Any CPU.Build.0 = Release|Any CPU
		{4A00828A-2A81-42FA-BA79-E5B07C92C092}.Debug|Any CPU.ActiveCfg = Debug|Any CPU
		{4A00828A-2A81-42FA-BA79-E5B07C92C092}.Debug|Any CPU.Build.0 = Debug|Any CPU
		{4A00828A-2A81-42FA-BA79-E5B07C92C092}.Release|Any CPU.ActiveCfg = Release|Any CPU
		{4A00828A-2A81-42FA-BA79-E5B07C92C092}.Release|Any CPU.Build.0 = Release|Any CPU
	EndGlobalSection
	GlobalSection(SolutionProperties) = preSolution
		HideSolutionNode = FALSE
	EndGlobalSection
	GlobalSection(ExtensibilityGlobals) = postSolution
		SolutionGuid = {375F262B-A4AA-4DA0-89A0-CBD2A03A601C}
	EndGlobalSection
EndGlobal
